
Microsoft Visual Studio Solution File, Format Version 12.00
# Visual Studio Version 17
VisualStudioVersion = 17.1.32210.238
MinimumVisualStudioVersion = 10.0.40219.1
Project("{9A19103F-16F7-4668-BE54-9A1E7A4F7556}") = "DirectoryTraversal.GUI", "GUI\DirectoryTraversal.GUI.csproj", "{0A3B2A14-BCCC-4542-AFFD-917C7B291EC8}"
EndProject
Project("{9A19103F-16F7-4668-BE54-9A1E7A4F7556}") = "DirectoryTraversal.Lib", "Lib\DirectoryTraversal.Lib.csproj", "{ED5D75A7-29B5-4A9F-918D-7055678BE575}"
EndProject
Global
	GlobalSection(SolutionConfigurationPlatforms) = preSolution
		Debug|Any CPU = Debug|Any CPU
		Release|Any CPU = Release|Any CPU
		Test|Any CPU = Test|Any CPU
	EndGlobalSection
	GlobalSection(ProjectConfigurationPlatforms) = postSolution
		{0A3B2A14-BCCC-4542-AFFD-917C7B291EC8}.Debug|Any CPU.ActiveCfg = Release|Any CPU
		{0A3B2A14-BCCC-4542-AFFD-917C7B291EC8}.Debug|Any CPU.Build.0 = Release|Any CPU
		{0A3B2A14-BCCC-4542-AFFD-917C7B291EC8}.Release|Any CPU.ActiveCfg = Release|Any CPU
		{0A3B2A14-BCCC-4542-AFFD-917C7B291EC8}.Release|Any CPU.Build.0 = Release|Any CPU
		{0A3B2A14-BCCC-4542-AFFD-917C7B291EC8}.Test|Any CPU.ActiveCfg = Test|Any CPU
		{0A3B2A14-BCCC-4542-AFFD-917C7B291EC8}.Test|Any CPU.Build.0 = Test|Any CPU
		{ED5D75A7-29B5-4A9F-918D-7055678BE575}.Debug|Any CPU.ActiveCfg = Release|Any CPU
		{ED5D75A7-29B5-4A9F-918D-7055678BE575}.Debug|Any CPU.Build.0 = Release|Any CPU
		{ED5D75A7-29B5-4A9F-918D-7055678BE575}.Release|Any CPU.ActiveCfg = Release|Any CPU
		{ED5D75A7-29B5-4A9F-918D-7055678BE575}.Release|Any CPU.Build.0 = Release|Any CPU
		{ED5D75A7-29B5-4A9F-918D-7055678BE575}.Test|Any CPU.ActiveCfg = Test|Any CPU
		{ED5D75A7-29B5-4A9F-918D-7055678BE575}.Test|Any CPU.Build.0 = Test|Any CPU
	EndGlobalSection
	GlobalSection(SolutionProperties) = preSolution
		HideSolutionNode = FALSE
	EndGlobalSection
	GlobalSection(ExtensibilityGlobals) = postSolution
		SolutionGuid = {0E239657-D320-4636-A011-F619B955FC46}
	EndGlobalSection
EndGlobal
